
Microsoft Visual Studio Solution File, Format Version 12.00
# Visual Studio Version 16
VisualStudioVersion = 16.0.31624.102
MinimumVisualStudioVersion = 10.0.40219.1
Project("{9A19103F-16F7-4668-BE54-9A1E7A4F7556}") = "BattleRoyale", "BattleRoyale\BattleRoyale.csproj", "{1FC67822-6045-4D17-896C-FA9D3C57126F}"
EndProject
Project("{FAE04EC0-301F-11D3-BF4B-00C04F79EFBC}") = "Model", "Model\Model.csproj", "{8D28D3A5-522F-4600-824C-7BB9C82696BA}"
EndProject
Global
	GlobalSection(SolutionConfigurationPlatforms) = preSolution
		Debug|Any CPU = Debug|Any CPU
		Release|Any CPU = Release|Any CPU
	EndGlobalSection
	GlobalSection(ProjectConfigurationPlatforms) = postSolution
		{1FC67822-6045-4D17-896C-FA9D3C57126F}.Debug|Any CPU.ActiveCfg = Debug|Any CPU
		{1FC67822-6045-4D17-896C-FA9D3C57126F}.Debug|Any CPU.Build.0 = Debug|Any CPU
		{1FC67822-6045-4D17-896C-FA9D3C57126F}.Release|Any CPU.ActiveCfg = Release|Any CPU
		{1FC67822-6045-4D17-896C-FA9D3C57126F}.Release|Any CPU.Build.0 = Release|Any CPU
		{8D28D3A5-522F-4600-824C-7BB9C82696BA}.Debug|Any CPU.ActiveCfg = Debug|Any CPU
		{8D28D3A5-522F-4600-824C-7BB9C82696BA}.Debug|Any CPU.Build.0 = Debug|Any CPU
		{8D28D3A5-522F-4600-824C-7BB9C82696BA}.Release|Any CPU.ActiveCfg = Release|Any CPU
		{8D28D3A5-522F-4600-824C-7BB9C82696BA}.Release|Any CPU.Build.0 = Release|Any CPU
	EndGlobalSection
	GlobalSection(SolutionProperties) = preSolution
		HideSolutionNode = FALSE
	EndGlobalSection
	GlobalSection(ExtensibilityGlobals) = postSolution
		SolutionGuid = {B4DF709F-AAF7-4C69-A16A-84231E10E6CA}
	EndGlobalSection
EndGlobal
